
Microsoft Visual Studio Solution File, Format Version 12.00
# Visual Studio Version 18
VisualStudioVersion = 18.6.11806.211
MinimumVisualStudioVersion = 10.0.40219.1
Project("{2150E333-8FDC-42A3-9474-1A3956D46DE8}") = "Core", "Core", "{FBF56CC3-7AE6-AD2D-3F14-7F97FD322CD6}"
EndProject
Project("{2150E333-8FDC-42A3-9474-1A3956D46DE8}") = "Application", "Application", "{E12A579A-FC4D-036E-FC04-65A50936A0DE}"
EndProject
Project("{FAE04EC0-301F-11D3-BF4B-00C04F79EFBC}") = "ECommerce.Core.Application", "Core\Application\ECommerce.Core.Application.csproj", "{80883006-9ABD-4F74-9420-F1F244659189}"
EndProject
Project("{2150E333-8FDC-42A3-9474-1A3956D46DE8}") = "Domain", "Domain", "{BF9E48C0-540A-8659-238F-508DAA36C929}"
EndProject
Project("{2150E333-8FDC-42A3-9474-1A3956D46DE8}") = "Base", "Base", "{4E722010-2B4B-D256-7758-D6B7AFD1C2AD}"
EndProject
Project("{FAE04EC0-301F-11D3-BF4B-00C04F79EFBC}") = "ECommerce.Core.Domain", "Core\Domain\Base\ECommerce.Core.Domain.csproj", "{28BC28AA-4AAF-43EF-93D3-437399B732A4}"
EndProject
Project("{2150E333-8FDC-42A3-9474-1A3956D46DE8}") = "Shared", "Shared", "{EE313BE6-C7D5-FF30-B122-872C621CF670}"
EndProject
Project("{FAE04EC0-301F-11D3-BF4B-00C04F79EFBC}") = "ECommerce.Core.Domain.Shared", "Core\Domain\Shared\ECommerce.Core.Domain.Shared.csproj", "{21F760F4-5C73-44B1-AFCB-C9C386DB77B2}"
EndProject
Project("{2150E333-8FDC-42A3-9474-1A3956D46DE8}") = "Infrastructure", "Infrastructure", "{DFEE68D8-A7D0-1A41-506C-9B74AA9A7B7B}"
EndProject
Project("{2150E333-8FDC-42A3-9474-1A3956D46DE8}") = "Integration", "Integration", "{621CD8BE-C0E9-BB58-11B6-FB49D8035D79}"
EndProject
Project("{FAE04EC0-301F-11D3-BF4B-00C04F79EFBC}") = "ECommerce.Infrastructure.Integration", "Infrastructure\Integration\ECommerce.Infrastructure.Integration.csproj", "{07119367-59BA-4980-9672-E4449BEE7597}"
EndProject
Project("{2150E333-8FDC-42A3-9474-1A3956D46DE8}") = "Persistence", "Persistence", "{FE6F03B7-E52A-C330-3B18-B788188019C7}"
EndProject
Project("{2150E333-8FDC-42A3-9474-1A3956D46DE8}") = "EFCore", "EFCore", "{764FE02D-9E63-6482-961A-F89FFBEECFCB}"
EndProject
Project("{FAE04EC0-301F-11D3-BF4B-00C04F79EFBC}") = "ECommerce.Infrastructure.Persistence.EFCore", "Infrastructure\Persistence\EFCore\ECommerce.Infrastructure.Persistence.EFCore.csproj", "{BFA3B7F4-CBEA-4D1D-A341-68075D135563}"
EndProject
Project("{2150E333-8FDC-42A3-9474-1A3956D46DE8}") = "Presentation", "Presentation", "{06CFFD70-14AA-A959-A3BA-1B15D094E3B1}"
EndProject
Project("{2150E333-8FDC-42A3-9474-1A3956D46DE8}") = "Web", "Web", "{479DC21E-91BE-4CD8-A7D1-8AD9BF9539AB}"
EndProject
Project("{2150E333-8FDC-42A3-9474-1A3956D46DE8}") = "App", "App", "{DD808037-860A-F841-DCFD-DF768C13084A}"
EndProject
Project("{FAE04EC0-301F-11D3-BF4B-00C04F79EFBC}") = "ECommerce.Presentation.Web.App", "Presentation\Web\App\ECommerce.Presentation.Web.App.csproj", "{4B530B8E-38B9-4D16-9E11-DF6C8454DF79}"
EndProject
Project("{2150E333-8FDC-42A3-9474-1A3956D46DE8}") = "Api", "Api", "{5F3EF0B2-0C18-4168-ABE3-F7FBD83F6903}"
EndProject
Global
	GlobalSection(SolutionConfigurationPlatforms) = preSolution
		Debug|Any CPU = Debug|Any CPU
		Debug|x64 = Debug|x64
		Debug|x86 = Debug|x86
		Release|Any CPU = Release|Any CPU
		Release|x64 = Release|x64
		Release|x86 = Release|x86
	EndGlobalSection
	GlobalSection(ProjectConfigurationPlatforms) = postSolution
		{80883006-9ABD-4F74-9420-F1F244659189}.Debug|Any CPU.ActiveCfg = Debug|Any CPU
		{80883006-9ABD-4F74-9420-F1F244659189}.Debug|Any CPU.Build.0 = Debug|Any CPU
		{80883006-9ABD-4F74-9420-F1F244659189}.Debug|x64.ActiveCfg = Debug|Any CPU
		{80883006-9ABD-4F74-9420-F1F244659189}.Debug|x64.Build.0 = Debug|Any CPU
		{80883006-9ABD-4F74-9420-F1F244659189}.Debug|x86.ActiveCfg = Debug|Any CPU
		{80883006-9ABD-4F74-9420-F1F244659189}.Debug|x86.Build.0 = Debug|Any CPU
		{80883006-9ABD-4F74-9420-F1F244659189}.Release|Any CPU.ActiveCfg = Release|Any CPU
		{80883006-9ABD-4F74-9420-F1F244659189}.Release|Any CPU.Build.0 = Release|Any CPU
		{80883006-9ABD-4F74-9420-F1F244659189}.Release|x64.ActiveCfg = Release|Any CPU
		{80883006-9ABD-4F74-9420-F1F244659189}.Release|x64.Build.0 = Release|Any CPU
		{80883006-9ABD-4F74-9420-F1F244659189}.Release|x86.ActiveCfg = Release|Any CPU
		{80883006-9ABD-4F74-9420-F1F244659189}.Release|x86.Build.0 = Release|Any CPU
		{28BC28AA-4AAF-43EF-93D3-437399B732A4}.Debug|Any CPU.ActiveCfg = Debug|Any CPU
		{28BC28AA-4AAF-43EF-93D3-437399B732A4}.Debug|Any CPU.Build.0 = Debug|Any CPU
		{28BC28AA-4AAF-43EF-93D3-437399B732A4}.Debug|x64.ActiveCfg = Debug|Any CPU
		{28BC28AA-4AAF-43EF-93D3-437399B732A4}.Debug|x64.Build.0 = Debug|Any CPU
		{28BC28AA-4AAF-43EF-93D3-437399B732A4}.Debug|x86.ActiveCfg = Debug|Any CPU
		{28BC28AA-4AAF-43EF-93D3-437399B732A4}.Debug|x86.Build.0 = Debug|Any CPU
		{28BC28AA-4AAF-43EF-93D3-437399B732A4}.Release|Any CPU.ActiveCfg = Release|Any CPU
		{28BC28AA-4AAF-43EF-93D3-437399B732A4}.Release|Any CPU.Build.0 = Release|Any CPU
		{28BC28AA-4AAF-43EF-93D3-437399B732A4}.Release|x64.ActiveCfg = Release|Any CPU
		{28BC28AA-4AAF-43EF-93D3-437399B732A4}.Release|x64.Build.0 = Release|Any CPU
		{28BC28AA-4AAF-43EF-93D3-437399B732A4}.Release|x86.ActiveCfg = Release|Any CPU
		{28BC28AA-4AAF-43EF-93D3-437399B732A4}.Release|x86.Build.0 = Release|Any CPU
		{21F760F4-5C73-44B1-AFCB-C9C386DB77B2}.Debug|Any CPU.ActiveCfg = Debug|Any CPU
		{21F760F4-5C73-44B1-AFCB-C9C386DB77B2}.Debug|Any CPU.Build.0 = Debug|Any CPU
		{21F760F4-5C73-44B1-AFCB-C9C386DB77B2}.Debug|x64.ActiveCfg = Debug|Any CPU
		{21F760F4-5C73-44B1-AFCB-C9C386DB77B2}.Debug|x64.Build.0 = Debug|Any CPU
		{21F760F4-5C73-44B1-AFCB-C9C386DB77B2}.Debug|x86.ActiveCfg = Debug|Any CPU
		{21F760F4-5C73-44B1-AFCB-C9C386DB77B2}.Debug|x86.Build.0 = Debug|Any CPU
		{21F760F4-5C73-44B1-AFCB-C9C386DB77B2}.Release|Any CPU.ActiveCfg = Release|Any CPU
		{21F760F4-5C73-44B1-AFCB-C9C386DB77B2}.Release|Any CPU.Build.0 = Release|Any CPU
		{21F760F4-5C73-44B1-AFCB-C9C386DB77B2}.Release|x64.ActiveCfg = Release|Any CPU
		{21F760F4-5C73-44B1-AFCB-C9C386DB77B2}.Release|x64.Build.0 = Release|Any CPU
		{21F760F4-5C73-44B1-AFCB-C9C386DB77B2}.Release|x86.ActiveCfg = Release|Any CPU
		{21F760F4-5C73-44B1-AFCB-C9C386DB77B2}.Release|x86.Build.0 = Release|Any CPU
		{07119367-59BA-4980-9672-E4449BEE7597}.Debug|Any CPU.ActiveCfg = Debug|Any CPU
		{07119367-59BA-4980-9672-E4449BEE7597}.Debug|Any CPU.Build.0 = Debug|Any CPU
		{07119367-59BA-4980-9672-E4449BEE7597}.Debug|x64.ActiveCfg = Debug|Any CPU
		{07119367-59BA-4980-9672-E4449BEE7597}.Debug|x64.Build.0 = Debug|Any CPU
		{07119367-59BA-4980-9672-E4449BEE7597}.Debug|x86.ActiveCfg = Debug|Any CPU
		{07119367-59BA-4980-9672-E4449BEE7597}.Debug|x86.Build.0 = Debug|Any CPU
		{07119367-59BA-4980-9672-E4449BEE7597}.Release|Any CPU.ActiveCfg = Release|Any CPU
		{07119367-59BA-4980-9672-E4449BEE7597}.Release|Any CPU.Build.0 = Release|Any CPU
		{07119367-59BA-4980-9672-E4449BEE7597}.Release|x64.ActiveCfg = Release|Any CPU
		{07119367-59BA-4980-9672-E4449BEE7597}.Release|x64.Build.0 = Release|Any CPU
		{07119367-59BA-4980-9672-E4449BEE7597}.Release|x86.ActiveCfg = Release|Any CPU
		{07119367-59BA-4980-9672-E4449BEE7597}.Release|x86.Build.0 = Release|Any CPU
		{BFA3B7F4-CBEA-4D1D-A341-68075D135563}.Debug|Any CPU.ActiveCfg = Debug|Any CPU
		{BFA3B7F4-CBEA-4D1D-A341-68075D135563}.Debug|Any CPU.Build.0 = Debug|Any CPU
		{BFA3B7F4-CBEA-4D1D-A341-68075D135563}.Debug|x64.ActiveCfg = Debug|Any CPU
		{BFA3B7F4-CBEA-4D1D-A341-68075D135563}.Debug|x64.Build.0 = Debug|Any CPU
		{BFA3B7F4-CBEA-4D1D-A341-68075D135563}.Debug|x86.ActiveCfg = Debug|Any CPU
		{BFA3B7F4-CBEA-4D1D-A341-68075D135563}.Debug|x86.Build.0 = Debug|Any CPU
		{BFA3B7F4-CBEA-4D1D-A341-68075D135563}.Release|Any CPU.ActiveCfg = Release|Any CPU
		{BFA3B7F4-CBEA-4D1D-A341-68075D135563}.Release|Any CPU.Build.0 = Release|Any CPU
		{BFA3B7F4-CBEA-4D1D-A341-68075D135563}.Release|x64.ActiveCfg = Release|Any CPU
		{BFA3B7F4-CBEA-4D1D-A341-68075D135563}.Release|x64.Build.0 = Release|Any CPU
		{BFA3B7F4-CBEA-4D1D-A341-68075D135563}.Release|x86.ActiveCfg = Release|Any CPU
		{BFA3B7F4-CBEA-4D1D-A341-68075D135563}.Release|x86.Build.0 = Release|Any CPU
		{4B530B8E-38B9-4D16-9E11-DF6C8454DF79}.Debug|Any CPU.ActiveCfg = Debug|Any CPU
		{4B530B8E-38B9-4D16-9E11-DF6C8454DF79}.Debug|Any CPU.Build.0 = Debug|Any CPU
		{4B530B8E-38B9-4D16-9E11-DF6C8454DF79}.Debug|x64.ActiveCfg = Debug|Any CPU
		{4B530B8E-38B9-4D16-9E11-DF6C8454DF79}.Debug|x64.Build.0 = Debug|Any CPU
		{4B530B8E-38B9-4D16-9E11-DF6C8454DF79}.Debug|x86.ActiveCfg = Debug|Any CPU
		{4B530B8E-38B9-4D16-9E11-DF6C8454DF79}.Debug|x86.Build.0 = Debug|Any CPU
		{4B530B8E-38B9-4D16-9E11-DF6C8454DF79}.Release|Any CPU.ActiveCfg = Release|Any CPU
		{4B530B8E-38B9-4D16-9E11-DF6C8454DF79}.Release|Any CPU.Build.0 = Release|Any CPU
		{4B530B8E-38B9-4D16-9E11-DF6C8454DF79}.Release|x64.ActiveCfg = Release|Any CPU
		{4B530B8E-38B9-4D16-9E11-DF6C8454DF79}.Release|x64.Build.0 = Release|Any CPU
		{4B530B8E-38B9-4D16-9E11-DF6C8454DF79}.Release|x86.ActiveCfg = Release|Any CPU
		{4B530B8E-38B9-4D16-9E11-DF6C8454DF79}.Release|x86.Build.0 = Release|Any CPU
	EndGlobalSection
	GlobalSection(SolutionProperties) = preSolution
		HideSolutionNode = FALSE
	EndGlobalSection
	GlobalSection(NestedProjects) = preSolution
		{E12A579A-FC4D-036E-FC04-65A50936A0DE} = {FBF56CC3-7AE6-AD2D-3F14-7F97FD322CD6}
		{80883006-9ABD-4F74-9420-F1F244659189} = {E12A579A-FC4D-036E-FC04-65A50936A0DE}
		{BF9E48C0-540A-8659-238F-508DAA36C929} = {FBF56CC3-7AE6-AD2D-3F14-7F97FD322CD6}
		{4E722010-2B4B-D256-7758-D6B7AFD1C2AD} = {BF9E48C0-540A-8659-238F-508DAA36C929}
		{28BC28AA-4AAF-43EF-93D3-437399B732A4} = {4E722010-2B4B-D256-7758-D6B7AFD1C2AD}
		{EE313BE6-C7D5-FF30-B122-872C621CF670} = {BF9E48C0-540A-8659-238F-508DAA36C929}
		{21F760F4-5C73-44B1-AFCB-C9C386DB77B2} = {EE313BE6-C7D5-FF30-B122-872C621CF670}
		{621CD8BE-C0E9-BB58-11B6-FB49D8035D79} = {DFEE68D8-A7D0-1A41-506C-9B74AA9A7B7B}
		{07119367-59BA-4980-9672-E4449BEE7597} = {621CD8BE-C0E9-BB58-11B6-FB49D8035D79}
		{FE6F03B7-E52A-C330-3B18-B788188019C7} = {DFEE68D8-A7D0-1A41-506C-9B74AA9A7B7B}
		{764FE02D-9E63-6482-961A-F89FFBEECFCB} = {FE6F03B7-E52A-C330-3B18-B788188019C7}
		{BFA3B7F4-CBEA-4D1D-A341-68075D135563} = {764FE02D-9E63-6482-961A-F89FFBEECFCB}
		{479DC21E-91BE-4CD8-A7D1-8AD9BF9539AB} = {06CFFD70-14AA-A959-A3BA-1B15D094E3B1}
		{DD808037-860A-F841-DCFD-DF768C13084A} = {479DC21E-91BE-4CD8-A7D1-8AD9BF9539AB}
		{4B530B8E-38B9-4D16-9E11-DF6C8454DF79} = {DD808037-860A-F841-DCFD-DF768C13084A}
		{5F3EF0B2-0C18-4168-ABE3-F7FBD83F6903} = {479DC21E-91BE-4CD8-A7D1-8AD9BF9539AB}
	EndGlobalSection
	GlobalSection(ExtensibilityGlobals) = postSolution
		SolutionGuid = {5DC35798-7DA1-47DF-8C19-222CCC036F0A}
	EndGlobalSection
EndGlobal
